github.com/go-graphite/go-whisper v0.0.0-20200420141052-f2ba40d1bfdc h1:cZa1Uo3RXnu8eSbf8BQoH/4e2CrRUBbrjHQn/zEK2jc=
github.com/go-graphite/go-whisper v0.0.0-20200420141052-f2ba40d1bfdc/go.mod h1:XnU8q9X8C3OhD8R7gAlRLI6VXU2KMwqgTO9Tshub2qE=
github.com/hnakamur/timestamp v0.1.0 h1:BW9QgHnUGkYga0JSd9aL6T9sbRqB06oAXUhxuQH+Imo=
github.com/hnakamur/timestamp v0.1.0/go.mod h1:ms4Qt1ZxxF8z3QSk7ab8l8yj7/QVNuS+HPYyVlG9qx8=
github.com/willf/bitset v1.1.10 h1:NotGKqX0KwQ72NUzqrjZq5ipPNDQex9lo3WpaS8L2sc=
github.com/willf/bitset v1.1.10/go.mod h1:RjeCKbqT1RxIR/KWY6phxZiaY1IyutSBfGjNPySAYV4=
golang.org/x/sync v0.0.0-20200317015054-43a5402ce75a h1:WXEvlFVvvGxCJLG6REjsT03iWnKLEWinaScsxF2Vm2o=
golang.org/x/sync v0.0.0-20200317015054-43a5402ce75a/go.mod h1:RxMgew5VJxzue5/jJTE5uejpjVlOe/izrB70Jof72aM=
golang.org/x/sys v0.0.0-20200610111108-226ff32320da h1:bGb80FudwxpeucJUjPYJXuJ8Hk91vNtfvrymzwiei38=
golang.org/x/sys v0.0.0-20200610111108-226ff32320da/go.mod h1:h1NjWce9XRLGQEsW7wpKNCjG9DtNlClVuFLEZdDNbEs=
